
Microsoft Visual Studio Solution File, Format Version 12.00
# Visual Studio 15
VisualStudioVersion = 15.0.28307.539
MinimumVisualStudioVersion = 10.0.40219.1
Project("{FAE04EC0-301F-11D3-BF4B-00C04F79EFBC}") = "AutoClicker", "AutoClicker\AutoClicker.csproj", "{B3067270-4F2B-4100-B7CD-ADB78D537177}"
EndProject
Global
	GlobalSection(SolutionConfigurationPlatforms) = preSolution
		Debug|Any CPU = Debug|Any CPU
		Release|Any CPU = Release|Any CPU
	EndGlobalSection
	GlobalSection(ProjectConfigurationPlatforms) = postSolution
		{B3067270-4F2B-4100-B7CD-ADB78D537177}.Debug|Any CPU.ActiveCfg = Debug|Any CPU
		{B3067270-4F2B-4100-B7CD-ADB78D537177}.Debug|Any CPU.Build.0 = Debug|Any CPU
		{B3067270-4F2B-4100-B7CD-ADB78D537177}.Release|Any CPU.ActiveCfg = Release|Any CPU
		{B3067270-4F2B-4100-B7CD-ADB78D537177}.Release|Any CPU.Build.0 = Release|Any CPU
	EndGlobalSection
	GlobalSection(SolutionProperties) = preSolution
		HideSolutionNode = FALSE
	EndGlobalSection
	GlobalSection(ExtensibilityGlobals) = postSolution
		SolutionGuid = {BE99E0F6-9409-4316-8F3A-B0ECDDF879EA}
	EndGlobalSection
EndGlobal
